lockfileVersion: '6.0'

settings:
  autoInstallPeers: true
  excludeLinksFromLockfile: false

dependencies:
  dotenv:
    specifier: 16.4.5
    version: 16.4.5
  microcms-js-sdk:
    specifier: 3.0.0
    version: 3.0.0

packages:

  /async-retry@1.3.3:
    resolution: {integrity: sha512-wfr/jstw9xNi/0teMHrRW7dsz3Lt5ARhYNZ2ewpadnhaIp5mbALhOAP+EAdsC7t4Z6wqsDVv9+W6gm1Dk9mEyw==}
    dependencies:
      retry: 0.13.1
    dev: false

  /dotenv@16.4.5:
    resolution: {integrity: sha512-ZmdL2rui+eB2YwhsWzjInR8LldtZHGDoQ1ugH85ppHKwpUHL7j7rN0Ti9NCnGiQbhaZ11FpR+7ao1dNsmduNUg==}
    engines: {node: '>=12'}
    dev: false

  /microcms-js-sdk@3.0.0:
    resolution: {integrity: sha512-aix+7SwXdI7tHk3IUJefB7nDfdz/5pIYtFJtDRff6q0IzdJsuOju6ReOS924q3fZnNOuKnnl4g4rm9f/WjwVBg==}
    engines: {node: '>=18.0.0'}
    dependencies:
      async-retry: 1.3.3
    dev: false

  /retry@0.13.1:
    resolution: {integrity: sha512-XQBQ3I8W1Cge0Seh+6gjj03LbmRFWuoszgK9ooCpwYIrhhoO80pfq4cUkU5DkknwfOfFteRwlZ56PYOGYyFWdg==}
    engines: {node: '>= 4'}
    dev: false
