lockfileVersion: '6.0'

settings:
  autoInstallPeers: true
  excludeLinksFromLockfile: false

dependencies:
  glob:
    specifier: 13.0.0
    version: 13.0.0
  he:
    specifier: 1.2.0
    version: 1.2.0

packages:

  /@isaacs/balanced-match@4.0.1:
    resolution: {integrity: sha512-yzMTt9lEb8Gv7zRioUilSglI0c0smZ9k5D65677DLWLtWJaXIS3CqcGyUFByYKlnUj6TkjLVs54fBl6+TiGQDQ==}
    engines: {node: 20 || >=22}
    dev: false

  /@isaacs/brace-expansion@5.0.0:
    resolution: {integrity: sha512-ZT55BDLV0yv0RBm2czMiZ+SqCGO7AvmOM3G/w2xhVPH+te0aKgFjmBvGlL1dH+ql2tgGO3MVrbb3jCKyvpgnxA==}
    engines: {node: 20 || >=22}
    dependencies:
      '@isaacs/balanced-match': 4.0.1
    dev: false

  /glob@13.0.0:
    resolution: {integrity: sha512-tvZgpqk6fz4BaNZ66ZsRaZnbHvP/jG3uKJvAZOwEVUL4RTA5nJeeLYfyN9/VA8NX/V3IBG+hkeuGpKjvELkVhA==}
    engines: {node: 20 || >=22}
    dependencies:
      minimatch: 10.1.1
      minipass: 7.1.2
      path-scurry: 2.0.0
    dev: false

  /he@1.2.0:
    resolution: {integrity: sha512-F/1DnUGPopORZi0ni+CvrCgHQ5FyEAHRLSApuYWMmrbSwoN2Mn/7k+Gl38gJnR7yyDZk6WLXwiGod1JOWNDKGw==}
    hasBin: true
    dev: false

  /lru-cache@11.0.0:
    resolution: {integrity: sha512-Qv32eSV1RSCfhY3fpPE2GNZ8jgM9X7rdAfemLWqTUxwiyIC4jJ6Sy0fZ8H+oLWevO6i4/bizg7c8d8i6bxrzbA==}
    engines: {node: 20 || >=22}
    dev: false

  /minimatch@10.1.1:
    resolution: {integrity: sha512-enIvLvRAFZYXJzkCYG5RKmPfrFArdLv+R+lbQ53BmIMLIry74bjKzX6iHAm8WYamJkhSSEabrWN5D97XnKObjQ==}
    engines: {node: 20 || >=22}
    dependencies:
      '@isaacs/brace-expansion': 5.0.0
    dev: false

  /minipass@7.1.2:
    resolution: {integrity: sha512-qOOzS1cBTWYF4BH8fVePDBOO9iptMnGUEZwNc/cMWnTV2nVLZ7VoNWEPHkYczZA0pdoA7dl6e7FL659nX9S2aw==}
    engines: {node: '>=16 || 14 >=14.17'}
    dev: false

  /path-scurry@2.0.0:
    resolution: {integrity: sha512-ypGJsmGtdXUOeM5u93TyeIEfEhM6s+ljAhrk5vAvSx8uyY/02OvrZnA0YNGUrPXfpJMgI1ODd3nwz8Npx4O4cg==}
    engines: {node: 20 || >=22}
    dependencies:
      lru-cache: 11.0.0
      minipass: 7.1.2
    dev: false
